// !$*UTF8*$!
{
	archiveVersion = 1;
	classes = {
	};
	objectVersion = 46;
	objects = {

/* Begin PBXBuildFile section */
		F268EE471CC9B72600ADDB9F /* AppDelegate.swift in Sources */ = {isa = PBXBuildFile; fileRef = F268EE461CC9B72500ADDB9F /* AppDelegate.swift */; };
		F268EE491CC9B72600ADDB9F /* ViewController.swift in Sources */ = {isa = PBXBuildFile; fileRef = F268EE481CC9B72600ADDB9F /* ViewController.swift */; };
		F268EE4C1CC9B72600ADDB9F /* Main.storyboard in Resources */ = {isa = PBXBuildFile; fileRef = F268EE4A1CC9B72600ADDB9F /* Main.storyboard */; };
		F268EE4E1CC9B72600ADDB9F /* Assets.xcassets in Resources */ = {isa = PBXBuildFile; fileRef = F268EE4D1CC9B72600ADDB9F /* Assets.xcassets */; };
		F268EE511CC9B72600ADDB9F /* LaunchScreen.storyboard in Resources */ = {isa = PBXBuildFile; fileRef = F268EE4F1CC9B72600ADDB9F /* LaunchScreen.storyboard */; };
		F268EE5D1CC9B7C800ADDB9F /* RefreshContentsViewController.xib in Resources */ = {isa = PBXBuildFile; fileRef = F268EE5B1CC9B7C800ADDB9F /* RefreshContentsViewController.xib */; };
/* End PBXBuildFile section */

/* Begin PBXFileReference section */
		F268EE431CC9B72500ADDB9F /* RefreshAnimition.app */ = {isa = PBXFileReference; explicitFileType = wrapper.application; includeInIndex = 0; path = RefreshAnimition.app; sourceTree = BUILT_PRODUCTS_DIR; };
		F268EE461CC9B72500ADDB9F /* AppDelegate.swift */ = {isa = PBXFileReference; lastKnownFileType = sourcecode.swift; path = AppDelegate.swift; sourceTree = "<group>"; };
		F268EE481CC9B72600ADDB9F /* ViewController.swift */ = {isa = PBXFileReference; lastKnownFileType = sourcecode.swift; path = ViewController.swift; sourceTree = "<group>"; };
		F268EE4B1CC9B72600ADDB9F /* Base */ = {isa = PBXFileReference; lastKnownFileType = file.storyboard; name = Base; path = Base.lproj/Main.storyboard; sourceTree = "<group>"; };
		F268EE4D1CC9B72600ADDB9F /* Assets.xcassets */ = {isa = PBXFileReference; lastKnownFileType = folder.assetcatalog; path = Assets.xcassets; sourceTree = "<group>"; };
		F268EE501CC9B72600ADDB9F /* Base */ = {isa = PBXFileReference; lastKnownFileType = file.storyboard; name = Base; path = Base.lproj/LaunchScreen.storyboard; sourceTree = "<group>"; };
		F268EE521CC9B72600ADDB9F /* Info.plist */ = {isa = PBXFileReference; lastKnownFileType = text.plist.xml; path = Info.plist; sourceTree = "<group>"; };
		F268EE5B1CC9B7C800ADDB9F /* RefreshContentsViewController.xib */ = {isa = PBXFileReference; fileEncoding = 4; lastKnownFileType = file.xib; name = RefreshContentsViewController.xib; path = ../RefreshContentsViewController.xib; sourceTree = "<group>"; };
/* End PBXFileReference section */

/* Begin PBXFrameworksBuildPhase section */
		F268EE401CC9B72500ADDB9F /* Frameworks */ = {
			isa = PBXFrameworksBuildPhase;
			buildActionMask = 2147483647;
			files = (
			);
			runOnlyForDeploymentPostprocessing = 0;
		};
/* End PBXFrameworksBuildPhase section */

/* Begin PBXGroup section */
		F268EE3A1CC9B72500ADDB9F = {
			isa = PBXGroup;
			children = (
				F268EE451CC9B72500ADDB9F /* RefreshAnimition */,
				F268EE441CC9B72500ADDB9F /* Products */,
			);
			sourceTree = "<group>";
		};
		F268EE441CC9B72500ADDB9F /* Products */ = {
			isa = PBXGroup;
			children = (
				F268EE431CC9B72500ADDB9F /* RefreshAnimition.app */,
			);
			name = Products;
			sourceTree = "<group>";
		};
		F268EE451CC9B72500ADDB9F /* RefreshAnimition */ = {
			isa = PBXGroup;
			children = (
				F268EE461CC9B72500ADDB9F /* AppDelegate.swift */,
				F268EE481CC9B72600ADDB9F /* ViewController.swift */,
				F268EE4A1CC9B72600ADDB9F /* Main.storyboard */,
				F268EE5B1CC9B7C800ADDB9F /* RefreshContentsViewController.xib */,
				F268EE4D1CC9B72600ADDB9F /* Assets.xcassets */,
				F268EE4F1CC9B72600ADDB9F /* LaunchScreen.storyboard */,
				F268EE521CC9B72600ADDB9F /* Info.plist */,
			);
			path = RefreshAnimition;
			sourceTree = "<group>";
		};
/* End PBXGroup section */

/* Begin PBXNativeTarget section */
		F268EE421CC9B72500ADDB9F /* RefreshAnimition */ = {
			isa = PBXNativeTarget;
			buildConfigurationList = F268EE551CC9B72600ADDB9F /* Build configuration list for PBXNativeTarget "RefreshAnimition" */;
			buildPhases = (
				F268EE3F1CC9B72500ADDB9F /* Sources */,
				F268EE401CC9B72500ADDB9F /* Frameworks */,
				F268EE411CC9B72500ADDB9F /* Resources */,
			);
			buildRules = (
			);
			dependencies = (
			);
			name = RefreshAnimition;
			productName = RefreshAnimition;
			productReference = F268EE431CC9B72500ADDB9F /* RefreshAnimition.app */;
			productType = "com.apple.product-type.application";
		};
/* End PBXNativeTarget section */

/* Begin PBXProject section */
		F268EE3B1CC9B72500ADDB9F /* Project object */ = {
			isa = PBXProject;
			attributes = {
				LastSwiftUpdateCheck = 0730;
				LastUpgradeCheck = 0730;
				ORGANIZATIONNAME = babykang;
				TargetAttributes = {
					F268EE421CC9B72500ADDB9F = {
						CreatedOnToolsVersion = 7.3;
						DevelopmentTeam = 27C5WE967V;
					};
				};
			};
			buildConfigurationList = F268EE3E1CC9B72500ADDB9F /* Build configuration list for PBXProject "RefreshAnimition" */;
			compatibilityVersion = "Xcode 3.2";
			developmentRegion = English;
			hasScannedForEncodings = 0;
			knownRegions = (
				en,
				Base,
			);
			mainGroup = F268EE3A1CC9B72500ADDB9F;
			productRefGroup = F268EE441CC9B72500ADDB9F /* Products */;
			projectDirPath = "";
			projectRoot = "";
			targets = (
				F268EE421CC9B72500ADDB9F /* RefreshAnimition */,
			);
		};
/* End PBXProject section */

/* Begin PBXResourcesBuildPhase section */
		F268EE411CC9B72500ADDB9F /* Resources */ = {
			isa = PBXResourcesBuildPhase;
			buildActionMask = 2147483647;
			files = (
				F268EE511CC9B72600ADDB9F /* LaunchScreen.storyboard in Resources */,
				F268EE4E1CC9B72600ADDB9F /* Assets.xcassets in Resources */,
				F268EE5D1CC9B7C800ADDB9F /* RefreshContentsViewController.xib in Resources */,
				F268EE4C1CC9B72600ADDB9F /* Main.storyboard in Resources */,
			);
			runOnlyForDeploymentPostprocessing = 0;
		};
/* End PBXResourcesBuildPhase section */

/* Begin PBXSourcesBuildPhase section */
		F268EE3F1CC9B72500ADDB9F /* Sources */ = {
			isa = PBXSourcesBuildPhase;
			buildActionMask = 2147483647;
			files = (
				F268EE491CC9B72600ADDB9F /* ViewController.swift in Sources */,
				F268EE471CC9B72600ADDB9F /* AppDelegate.swift in Sources */,
			);
			runOnlyForDeploymentPostprocessing = 0;
		};
/* End PBXSourcesBuildPhase section */

/* Begin PBXVariantGroup section */
		F268EE4A1CC9B72600ADDB9F /* Main.storyboard */ = {
			isa = PBXVariantGroup;
			children = (
				F268EE4B1CC9B72600ADDB9F /* Base */,
			);
			name = Main.storyboard;
			sourceTree = "<group>";
		};
		F268EE4F1CC9B72600ADDB9F /* LaunchScreen.storyboard */ = {
			isa = PBXVariantGroup;
			children = (
				F268EE501CC9B72600ADDB9F /* Base */,
			);
			name = LaunchScreen.storyboard;
			sourceTree = "<group>";
		};
/* End PBXVariantGroup section */

/* Begin XCBuildConfiguration section */
		F268EE531CC9B72600ADDB9F /* Debug */ = {
			isa = XCBuildConfiguration;
			buildSettings = {
				ALWAYS_SEARCH_USER_PATHS = NO;
				CLANG_ANALYZER_NONNULL = YES;
				CLANG_CXX_LANGUAGE_STANDARD = "gnu++0x";
				CLANG_CXX_LIBRARY = "libc++";
				CLANG_ENABLE_MODULES = YES;
				CLANG_ENABLE_OBJC_ARC = YES;
				CLANG_WARN_BOOL_CONVERSION = YES;
				CLANG_WARN_CONSTANT_CONVERSION = YES;
				CLANG_WARN_DIRECT_OBJC_ISA_USAGE = YES_ERROR;
				CLANG_WARN_EMPTY_BODY = YES;
				CLANG_WARN_ENUM_CONVERSION = YES;
				CLANG_WARN_INT_CONVERSION = YES;
				CLANG_WARN_OBJC_ROOT_CLASS = YES_ERROR;
				CLANG_WARN_UNREACHABLE_CODE = YES;
				CLANG_WARN__DUPLICATE_METHOD_MATCH = YES;
				"CODE_SIGN_IDENTITY[sdk=iphoneos*]" = "iPhone Developer";
				COPY_PHASE_STRIP = NO;
				DEBUG_INFORMATION_FORMAT = dwarf;
				ENABLE_STRICT_OBJC_MSGSEND = YES;
				ENABLE_TESTABILITY = YES;
				GCC_C_LANGUAGE_STANDARD = gnu99;
				GCC_DYNAMIC_NO_PIC = NO;
				GCC_NO_COMMON_BLOCKS = YES;
				GCC_OPTIMIZATION_LEVEL = 0;
				GCC_PREPROCESSOR_DEFINITIONS = (
					"DEBUG=1",
					"$(inherited)",
				);
				GCC_WARN_64_TO_32_BIT_CONVERSION = YES;
				GCC_WARN_ABOUT_RETURN_TYPE = YES_ERROR;
				GCC_WARN_UNDECLARED_SELECTOR = YES;
				GCC_WARN_UNINITIALIZED_AUTOS = YES_AGGRESSIVE;
				GCC_WARN_UNUSED_FUNCTION = YES;
				GCC_WARN_UNUSED_VARIABLE = YES;
				IPHONEOS_DEPLOYMENT_TARGET = 9.3;
				MTL_ENABLE_DEBUG_INFO = YES;
				ONLY_ACTIVE_ARCH = YES;
				SDKROOT = iphoneos;
				SWIFT_OPTIMIZATION_LEVEL = "-Onone";
			};
			name = Debug;
		};
		F268EE541CC9B72600ADDB9F /* Release */ = {
			isa = XCBuildConfiguration;
			buildSettings = {
				ALWAYS_SEARCH_USER_PATHS = NO;
				CLANG_ANALYZER_NONNULL = YES;
				CLANG_CXX_LANGUAGE_STANDARD = "gnu++0x";
				CLANG_CXX_LIBRARY = "libc++";
				CLANG_ENABLE_MODULES = YES;
				CLANG_ENABLE_OBJC_ARC = YES;
				CLANG_WARN_BOOL_CONVERSION = YES;
				CLANG_WARN_CONSTANT_CONVERSION = YES;
				CLANG_WARN_DIRECT_OBJC_ISA_USAGE = YES_ERROR;
				CLANG_WARN_EMPTY_BODY = YES;
				CLANG_WARN_ENUM_CONVERSION = YES;
				CLANG_WARN_INT_CONVERSION = YES;
				CLANG_WARN_OBJC_ROOT_CLASS = YES_ERROR;
				CLANG_WARN_UNREACHABLE_CODE = YES;
				CLANG_WARN__DUPLICATE_METHOD_MATCH = YES;
				"CODE_SIGN_IDENTITY[sdk=iphoneos*]" = "iPhone Developer";
				COPY_PHASE_STRIP = NO;
				DEBUG_INFORMATION_FORMAT = "dwarf-with-dsym";
				ENABLE_NS_ASSERTIONS = NO;
				ENABLE_STRICT_OBJC_MSGSEND = YES;
				GCC_C_LANGUAGE_STANDARD = gnu99;
				GCC_NO_COMMON_BLOCKS = YES;
				GCC_WARN_64_TO_32_BIT_CONVERSION = YES;
				GCC_WARN_ABOUT_RETURN_TYPE = YES_ERROR;
				GCC_WARN_UNDECLARED_SELECTOR = YES;
				GCC_WARN_UNINITIALIZED_AUTOS = YES_AGGRESSIVE;
				GCC_WARN_UNUSED_FUNCTION = YES;
				GCC_WARN_UNUSED_VARIABLE = YES;
				IPHONEOS_DEPLOYMENT_TARGET = 9.3;
				MTL_ENABLE_DEBUG_INFO = NO;
				SDKROOT = iphoneos;
				VALIDATE_PRODUCT = YES;
			};
			name = Release;
		};
		F268EE561CC9B72600ADDB9F /* Debug */ = {
			isa = XCBuildConfiguration;
			buildSettings = {
				ASSETCATALOG_COMPILER_APPICON_NAME = AppIcon;
				INFOPLIST_FILE = RefreshAnimition/Info.plist;
				LD_RUNPATH_SEARCH_PATHS = "$(inherited) @executable_path/Frameworks";
				PRODUCT_BUNDLE_IDENTIFIER = com.wangkang0801.RefreshAnimition;
				PRODUCT_NAME = "$(TARGET_NAME)";
			};
			name = Debug;
		};
		F268EE571CC9B72600ADDB9F /* Release */ = {
			isa = XCBuildConfiguration;
			buildSettings = {
				ASSETCATALOG_COMPILER_APPICON_NAME = AppIcon;
				INFOPLIST_FILE = RefreshAnimition/Info.plist;
				LD_RUNPATH_SEARCH_PATHS = "$(inherited) @executable_path/Frameworks";
				PRODUCT_BUNDLE_IDENTIFIER = com.wangkang0801.RefreshAnimition;
				PRODUCT_NAME = "$(TARGET_NAME)";
			};
			name = Release;
		};
/* End XCBuildConfiguration section */

/* Begin XCConfigurationList section */
		F268EE3E1CC9B72500ADDB9F /* Build configuration list for PBXProject "RefreshAnimition" */ = {
			isa = XCConfigurationList;
			buildConfigurations = (
				F268EE531CC9B72600ADDB9F /* Debug */,
				F268EE541CC9B72600ADDB9F /* Release */,
			);
			defaultConfigurationIsVisible = 0;
			defaultConfigurationName = Release;
		};
		F268EE551CC9B72600ADDB9F /* Build configuration list for PBXNativeTarget "RefreshAnimition" */ = {
			isa = XCConfigurationList;
			buildConfigurations = (
				F268EE561CC9B72600ADDB9F /* Debug */,
				F268EE571CC9B72600ADDB9F /* Release */,
			);
			defaultConfigurationIsVisible = 0;
		};
/* End XCConfigurationList section */
	};
	rootObject = F268EE3B1CC9B72500ADDB9F /* Project object */;
}
